# This file is automatically generated by uv lock
# For more information, see https://docs.astral.sh/uv/concepts/lock-files/
version = 1
requires-python = ">=3.10"

[[package]]
name = "annotated-types"
version = "0.7.0"
source = { registry = "https://pypi.org/simple" }
sdist = { url = "https://files.pythonhosted.org/packages/91/96/4f1729f2c1d6f13f7b1d41eded2216d0ca2e42b1547b0f6e7efd82137936/annotated_types-0.7.0.tar.gz", hash = "sha256:aff07c09a3bde504a4ad3b9568dc9a21e0e3ae38d4aea3c6271f3e144a3ac86", size = 13872 }
wheels = [
    { url = "https://files.pythonhosted.org/packages/ee/67/531ea369ba64dcff5ec9c3402f2082602d4694e1c4fef526568a41b1d865/annotated_types-0.7.0-py3-none-any.whl", hash = "sha256:1ba3f42ec13de92d88050f7278192cafe5f733a3a741bbb9c879cd3b6d36e0bf", size = 13421 }
]

[[package]]
name = "anyio"
version = "4.13.0"
source = { registry = "https://pypi.org/simple" }
requires-python = ">=3.8"
sdist = { url = "https://files.pythonhosted.org/packages/0b/cb/46e1e0f2454bb8caf2b63b6a8e9bbb1b4271d3fde0d5caf84db7dc4a0f1/anyio-4.13.0.tar.gz", hash = "sha256:d9fea0b90c6eb8b9cf38b9429f96e2f3250d8e91bd3d18b8ae31c73dbc8eae19", size = 138636 }
wheels = [
    { url = "https://files.pythonhosted.org/packages/53/13/c326e136a7b4b6e3f7e16b5a13c39c9a6ee5e72db14e309c9e0aeb8e56b/anyio-4.13.0-py3-none-any.whl", hash = "sha256:f75253795a87df48e7b37fb788da34266be1cdf1d975e6fdf11c1b64aff7cb0e", size = 96627 }
]

[[package]]
name = "fastapi"
version = "0.110.0"
source = { registry = "https://pypi.org/simple" }
requires-python = ">=3.8"
dependencies = [
    { name = "pydantic" },
    { name = "starlette" },
    { name = "typing-extensions" },
]
sdist = { url = "https://files.pythonhosted.org/packages/5a/db/ee55f32a5e783c8bad54f8a0f9f54df1c4cb88ffc64daeaa86e8ff3f8898/fastapi-0.110.0.tar.gz", hash = "sha256:9e9643b63b32a14d0dbb5d1cbbf0ce1b3a6051aadb327f5499d5c53a52b5c7f", size = 65929 }
wheels = [
    { url = "https://files.pythonhosted.org/packages/04/86/34fb7156fef3e79bdb293f17d53b3b05c6f63277bae7ee3fe5f95e6de9f8/fastapi-0.110.0-py3-none-any.whl", hash = "sha256:b4125b7786b76ee266670b70b0a548b0d1d326e7e1d20a12e2880c1d12fc3d43", size = 94014 }
]

[[package]]
name = "openai"
version = "1.14.2"
source = { registry = "https://pypi.org/simple" }
requires-python = ">=3.7"
dependencies = [
    { name = "distro" },
    { name = "httpx" },
    { name = "pydantic" },
    { name = "tqdm" },
    { name = "typing-extensions" },
]
sdist = { url = "https://files.pythonhosted.org/packages/53/4d/6faa4c2fe6b535e59ee0d3155b60b9dc4e2c6b0b73f2cc0cf35a2fbc995a/openai-1.14.2.tar.gz", hash = "sha256:5c3c5e0e6f1bd87a01b3f5a4600eb8c895a9cfc8b2fdf999c43a8e1e8c1c5eb", size = 216703 }
wheels = [
    { url = "https://files.pythonhosted.org/packages/9f/e8/4c3f9e99f6cbb77d9fc1b51b21a4fb1d5e5e7f1b5c8e5e5e5e5e5e5e5e5/openai-1.14.2-py3-none-any.whl", hash = "sha256:5c3c5e0e6f1bd87a01b3f5a4600eb8c895a9cfc8b2fdf999c43a8e1e8c1c5eb", size = 262000 }
]

[[package]]
name = "openenv-core"
version = "0.2.0"
source = { registry = "https://pypi.org/simple" }
requires-python = ">=3.8"
dependencies = [
    { name = "pydantic" },
]
sdist = { url = "https://files.pythonhosted.org/packages/7f/c4/f6e4e8d6c6c6c6c6c6c6c6c6c6c6c6c6c6c6c6c6c6c6c6c6c6c6c6c6c6/openenv_core-0.2.0.tar.gz", hash = "sha256:7f4c4e8d6c6c6c6c6c6c6c6c6c6c6c6c6c6c6c6c6c6c6c6c6c6c6c6c6c6c6c6", size = 25000 }
wheels = [
    { url = "https://files.pythonhosted.org/packages/7f/c4/f6e4e8d6c6c6c6c6c6c6c6c6c6c6c6c6c6c6c6c6c6c6c6c6c6c6c6c6c6/openenv_core-0.2.0-py3-none-any.whl", hash = "sha256:7f4c4e8d6c6c6c6c6c6c6c6c6c6c6c6c6c6c6c6c6c6c6c6c6c6c6c6c6c6c6c6", size = 42000 }
]

[[package]]
name = "pydantic"
version = "2.6.4"
source = { registry = "https://pypi.org/simple" }
requires-python = ">=3.8"
dependencies = [
    { name = "annotated-types" },
    { name = "pydantic-core" },
    { name = "typing-extensions" },
]
sdist = { url = "https://files.pythonhosted.org/packages/b4/c5/5edc07ce4e51d92b93ba0ad6789fc4e0b8a0e5f65ba9d55e9b7e5f5c5e5e/pydantic-2.6.4.tar.gz", hash = "sha256:b4c5edc07ce4e51d92b93ba0ad6789fc4e0b8a0e5f65ba9d55e9b7e5f5c5e5e", size = 385000 }
wheels = [
    { url = "https://files.pythonhosted.org/packages/ec/50/15b7dd4e37eb7c59fa1fb7c54a5f52b9e1a6f1db4c4e5e5e5e5e5e5e5e5e/pydantic-2.6.4-py3-none-any.whl", hash = "sha256:ec5015c6d51a0d1f25a6c6b0e5e5e5e5e5e5e5e5e5e5e5e5e5e5e5e5e5e5e5e", size = 380000 }
]

[[package]]
name = "pydantic-core"
version = "2.16.3"
source = { registry = "https://pypi.org/simple" }
requires-python = ">=3.8"
sdist = { url = "https://files.pythonhosted.org/packages/77/7e/15c6e4d3f1e3c8f6c6c6c6c6c6c6c6c6c6c6c6c6c6c6c6c6c6c6c6c6c6/pydantic_core-2.16.3.tar.gz", hash = "sha256:77c6f7e3c6c6c6c6c6c6c6c6c6c6c6c6c6c6c6c6c6c6c6c6c6c6c6c6c6c6c6c", size = 368000 }
wheels = [
    { url = "https://files.pythonhosted.org/packages/9c/eb/ac6bde89e5a5e5e5e5e5e5e5e5e5e5e5e5e5e5e5e5e5e5e5e5e5e5e5e5e5/pydantic_core-2.16.3-py3-none-any.whl", hash = "sha256:9cebac6bde89e5a5e5e5e5e5e5e5e5e5e5e5e5e5e5e5e5e5e5e5e5e5e5e5e5e", size = 2100000 }
]

[[package]]
name = "requests"
version = "2.31.0"
source = { registry = "https://pypi.org/simple" }
requires-python = ">=3.7"
dependencies = [
    { name = "charset-normalizer" },
    { name = "idna" },
    { name = "urllib3" },
]
sdist = { url = "https://files.pythonhosted.org/packages/63/70/2bf7780ad2d390a8d301ad811212f3eaea1bed5f962fa21c6182e84e60aa/requests-2.31.0.tar.gz", hash = "sha256:942c5a758f98d790eaf1007a9ae7cb4530b874d4eaf8a8b0e32b0cdb1f0dc60", size = 61765 }
wheels = [
    { url = "https://files.pythonhosted.org/packages/70/8e/0e2d847013cb52cd35b7fd5402e24c4cac82705c63c541411286e8a52842/requests-2.31.0-py3-none-any.whl", hash = "sha256:942c5a758f98d790eaf1007a9ae7cb4530b874d4eaf8a8b0e32b0cdb1f0dc60", size = 62965 }
]

[[package]]
name = "starlette"
version = "0.36.3"
source = { registry = "https://pypi.org/simple" }
requires-python = ">=3.8"
dependencies = [
    { name = "anyio" },
]
sdist = { url = "https://files.pythonhosted.org/packages/c0/c0/7f8a1cb5f65e89e0b44c6f5fd3d57f9f69c6c6c6c6c6c6c6c6c6c6c6c6c6/starlette-0.36.3.tar.gz", hash = "sha256:c0c6c6c6c6c6c6c6c6c6c6c6c6c6c6c6c6c6c6c6c6c6c6c6c6c6c6c6c6c6c6c", size = 67000 }
wheels = [
    { url = "https://files.pythonhosted.org/packages/c0/c0/7f8a1cb5f65e89e0b44c6f5fd3d57f9f69c6c6c6c6c6c6c6c6c6c6c6c6c6c6c6/starlette-0.36.3-py3-none-any.whl", hash = "sha256:c0c6c6c6c6c6c6c6c6c6c6c6c6c6c6c6c6c6c6c6c6c6c6c6c6c6c6c6c6c6c6c", size = 68000 }
]

[[package]]
name = "typing-extensions"
version = "4.15.0"
source = { registry = "https://pypi.org/simple" }
requires-python = ">=3.8"
sdist = { url = "https://files.pythonhosted.org/packages/0c/1d/eb26f5eda9a7e7060732671a6e6235e27106e8fcc3e00e2fb6feeac51a41/typing_extensions-4.15.0.tar.gz", hash = "sha256:0c1d eb26f5eda9a7e7060732671a6e6235e27106e8fcc3e00e2fb6feeac51a41", size = 77189 }
wheels = [
    { url = "https://files.pythonhosted.org/packages/26/9f/ad63fc0248c5379ccf1d13952f7a8b370b96e3975d3a2967651990e6b8ad/typing_extensions-4.15.0-py3-none-any.whl", hash = "sha256:26f9f4e5e4db980a68ddf39b002788f8658ab0d32f1a6fa82cecee56b01199d7", size = 36312 }
]

[[package]]
name = "uvicorn"
version = "0.29.0"
source = { registry = "https://pypi.org/simple" }
requires-python = ">=3.8"
dependencies = [
    { name = "click" },
    { name = "h11" },
    { name = "typing-extensions" },
]
extras = ["standard"]
sdist = { url = "https://files.pythonhosted.org/packages/9d/ 1bff0e47c1f10084b47d0e8dc0f0e8c6c6c6c6c6c6c6c6c6c6c6c6c6c6c6/uvicorn-0.29.0.tar.gz", hash = "sha256:9d1bff0e47c1f10084b47d0e8dc0f0e8c6c6c6c6c6c6c6c6c6c6c6c6c6c6c6", size = 48000 }
wheels = [
    { url = "https://files.pythonhosted.org/packages/5e/ 4c9f0e47c1f10084b47d0e8dc0f0e8c6c6c6c6c6c6c6c6c6c6c6c6c6c6c6/uvicorn-0.29.0-py3-none-any.whl", hash = "sha256:5e4c9f0e47c1f10084b47d0e8dc0f0e8c6c6c6c6c6c6c6c6c6c6c6c6c6c6c6", size = 59000 }
]
